
Microsoft Visual Studio Solution File, Format Version 12.00
# Visual Studio 15
VisualStudioVersion = 15.0.28307.136
MinimumVisualStudioVersion = 10.0.40219.1
Project("{FAE04EC0-301F-11D3-BF4B-00C04F79EFBC}") = "NomeParte", "NomeParte\NomeParte.csproj", "{2D785A3F-E9D7-4C39-B50C-A6BE347E218A}"
EndProject
Project("{9A19103F-16F7-4668-BE54-9A1E7A4F7556}") = "NomeParteML.Model", "NomeParteML.Model\NomeParteML.Model.csproj", "{B355E55D-EB3C-4B7C-8231-3522EDA7E9F9}"
EndProject
Project("{9A19103F-16F7-4668-BE54-9A1E7A4F7556}") = "NomeParteML.ConsoleApp", "NomeParteML.ConsoleApp\NomeParteML.ConsoleApp.csproj", "{0856E2BC-B016-4FDE-924F-928374AB717A}"
EndProject
Global
	GlobalSection(SolutionConfigurationPlatforms) = preSolution
		Debug|Any CPU = Debug|Any CPU
		Release|Any CPU = Release|Any CPU
	EndGlobalSection
	GlobalSection(ProjectConfigurationPlatforms) = postSolution
		{2D785A3F-E9D7-4C39-B50C-A6BE347E218A}.Debug|Any CPU.ActiveCfg = Debug|Any CPU
		{2D785A3F-E9D7-4C39-B50C-A6BE347E218A}.Debug|Any CPU.Build.0 = Debug|Any CPU
		{2D785A3F-E9D7-4C39-B50C-A6BE347E218A}.Release|Any CPU.ActiveCfg = Release|Any CPU
		{2D785A3F-E9D7-4C39-B50C-A6BE347E218A}.Release|Any CPU.Build.0 = Release|Any CPU
		{B355E55D-EB3C-4B7C-8231-3522EDA7E9F9}.Debug|Any CPU.ActiveCfg = Debug|Any CPU
		{B355E55D-EB3C-4B7C-8231-3522EDA7E9F9}.Debug|Any CPU.Build.0 = Debug|Any CPU
		{B355E55D-EB3C-4B7C-8231-3522EDA7E9F9}.Release|Any CPU.ActiveCfg = Release|Any CPU
		{B355E55D-EB3C-4B7C-8231-3522EDA7E9F9}.Release|Any CPU.Build.0 = Release|Any CPU
		{0856E2BC-B016-4FDE-924F-928374AB717A}.Debug|Any CPU.ActiveCfg = Debug|Any CPU
		{0856E2BC-B016-4FDE-924F-928374AB717A}.Debug|Any CPU.Build.0 = Debug|Any CPU
		{0856E2BC-B016-4FDE-924F-928374AB717A}.Release|Any CPU.ActiveCfg = Release|Any CPU
		{0856E2BC-B016-4FDE-924F-928374AB717A}.Release|Any CPU.Build.0 = Release|Any CPU
	EndGlobalSection
	GlobalSection(SolutionProperties) = preSolution
		HideSolutionNode = FALSE
	EndGlobalSection
	GlobalSection(ExtensibilityGlobals) = postSolution
		SolutionGuid = {2933CF70-57B5-44F3-AA00-595CAA04521C}
	EndGlobalSection
EndGlobal
